# This file is automatically @generated by Cargo.
# It is not intended for manual editing.
version = 4

[[package]]
name = "edge-agent-cli"
version = "0.1.0"
dependencies = [
 "edge-agent-core",
]

[[package]]
name = "edge-agent-core"
version = "0.1.0"

[[package]]
name = "edge-agent-jni"
version = "0.1.0"
dependencies = [
 "edge-agent-core",
]
